{
  "name": "npm_demo",
  "version": "1.0.0",
  "lockfileVersion": 1,
  "requires": true,
  "dependencies": {
    "@smm/cookie": {
      "version": "1.0.10",
      "resolved": "http://npm.smm.cn/@smm%2fcookie/-/cookie-1.0.10.tgz",
      "integrity": "sha512-m/nTZm93mGtBxvyS2TbxmXT4PKhAP2aiiSUyJe0yvt1DnVBaDQZzOLknGhxKW0zZ/ggN6vMBvXeMxms8OPFw8g=="
    },
    "@smm/sa": {
      "version": "1.0.7",
      "resolved": "http://npm.smm.cn/@smm%2fsa/-/sa-1.0.7.tgz",
      "integrity": "sha512-dhGO7felc3LvORw1DEmxZsicOw95msaDoCGU4BS3/Un7sbPJjfkvjLB33glr9bRFgVCoBuNwi83GfEeoSHJXkw==",
      "requires": {
        "@smm/cookie": "1.0.10",
        "@smm/uuid": "1.0.9"
      }
    },
    "@smm/uuid": {
      "version": "1.0.9",
      "resolved": "http://npm.smm.cn/@smm%2fuuid/-/uuid-1.0.9.tgz",
      "integrity": "sha512-Q3c571GjDCS6Pmq2SiKvF7toL1tUIU5+6sOWnN33oDitz19YR49vJDBc1emIxIYBT1Jk4+c/mZGGnTupGb5PbA=="
    }
  }
}
