{
  "name": "react-redux-demo",
  "version": "1.0.0",
  "lockfileVersion": 1,
  "requires": true,
  "dependencies": {
    "@babel/runtime": {
      "version": "7.5.4",
      "resolved": "http://npm.smm.cn/@babel%2fruntime/-/runtime-7.5.4.tgz",
      "integrity": "sha1-y30a18bWVnbma0cYZXeTBGW1Jxs=",
      "requires": {
        "regenerator-runtime": "0.13.2"
      }
    },
    "hoist-non-react-statics": {
      "version": "3.3.0",
      "resolved": "http://npm.smm.cn/hoist-non-react-statics/-/hoist-non-react-statics-3.3.0.tgz",
      "integrity": "sha1-sJF48BIhhPuVrPUl2q7LTY9FlYs=",
      "requires": {
        "react-is": "16.8.6"
      }
    },
    "invariant": {
      "version": "2.2.4",
      "resolved": "http://npm.smm.cn/invariant/-/invariant-2.2.4.tgz",
      "integrity": "sha1-YQ88ksk1nOHbYW5TgAjSP/NRWOY=",
      "requires": {
        "loose-envify": "1.4.0"
      }
    },
    "js-tokens": {
      "version": "4.0.0",
      "resolved": "http://npm.smm.cn/js-tokens/-/js-tokens-4.0.0.tgz",
      "integrity": "sha1-GSA/tZmR35jjoocFDUZHzerzJJk="
    },
    "loose-envify": {
      "version": "1.4.0",
      "resolved": "http://npm.smm.cn/loose-envify/-/loose-envify-1.4.0.tgz",
      "integrity": "sha1-ce5R+nvkyuwaY4OffmgtgTLTDK8=",
      "requires": {
        "js-tokens": "4.0.0"
      }
    },
    "object-assign": {
      "version": "4.1.1",
      "resolved": "http://npm.smm.cn/object-assign/-/object-assign-4.1.1.tgz",
      "integrity": "sha1-IQmtx5ZYh8/AXLvUQsrIv7s2CGM="
    },
    "prop-types": {
      "version": "15.7.2",
      "resolved": "http://npm.smm.cn/prop-types/-/prop-types-15.7.2.tgz",
      "integrity": "sha1-UsQedbjIfnK52TYOAga5ncv/psU=",
      "requires": {
        "loose-envify": "1.4.0",
        "object-assign": "4.1.1",
        "react-is": "16.8.6"
      }
    },
    "react-is": {
      "version": "16.8.6",
      "resolved": "http://npm.smm.cn/react-is/-/react-is-16.8.6.tgz",
      "integrity": "sha1-W7weLSkUHJ+9/tRWND/ivEMKahY="
    },
    "react-redux": {
      "version": "7.1.0",
      "resolved": "http://npm.smm.cn/react-redux/-/react-redux-7.1.0.tgz",
      "integrity": "sha1-cq989JCnSs3FFuqcHdgOJa+eoLI=",
      "requires": {
        "@babel/runtime": "7.5.4",
        "hoist-non-react-statics": "3.3.0",
        "invariant": "2.2.4",
        "loose-envify": "1.4.0",
        "prop-types": "15.7.2",
        "react-is": "16.8.6"
      }
    },
    "regenerator-runtime": {
      "version": "0.13.2",
      "resolved": "http://npm.smm.cn/regenerator-runtime/-/regenerator-runtime-0.13.2.tgz",
      "integrity": "sha1-MuWcmm+5saSv8JtJMMotRHc0NEc="
    }
  }
}
